
Microsoft Visual Studio Solution File, Format Version 12.00
# Visual Studio Version 16
VisualStudioVersion = 16.0.28803.156
MinimumVisualStudioVersion = 10.0.40219.1
Project("{FAE04EC0-301F-11D3-BF4B-00C04F79EFBC}") = "入库出库管理系统", "入库出库管理系统.csproj", "{70EEBA1E-A425-4FAF-8F6D-9E67D1B41243}"
EndProject
Global
	GlobalSection(SolutionConfigurationPlatforms) = preSolution
		Debug|Any CPU = Debug|Any CPU
		Release|Any CPU = Release|Any CPU
	EndGlobalSection
	GlobalSection(ProjectConfigurationPlatforms) = postSolution
		{70EEBA1E-A425-4FAF-8F6D-9E67D1B41243}.Debug|Any CPU.ActiveCfg = Debug|Any CPU
		{70EEBA1E-A425-4FAF-8F6D-9E67D1B41243}.Debug|Any CPU.Build.0 = Debug|Any CPU
		{70EEBA1E-A425-4FAF-8F6D-9E67D1B41243}.Release|Any CPU.ActiveCfg = Release|Any CPU
		{70EEBA1E-A425-4FAF-8F6D-9E67D1B41243}.Release|Any CPU.Build.0 = Release|Any CPU
	EndGlobalSection
	GlobalSection(SolutionProperties) = preSolution
		HideSolutionNode = FALSE
	EndGlobalSection
	GlobalSection(ExtensibilityGlobals) = postSolution
		SolutionGuid = {4A13D8C4-EA5E-47B6-AE85-6D97D7F37C89}
	EndGlobalSection
EndGlobal
